
Microsoft Visual Studio Solution File, Format Version 12.00
# Visual Studio Version 17
VisualStudioVersion = 17.0.32112.339
MinimumVisualStudioVersion = 10.0.40219.1
Project("{FAE04EC0-301F-11D3-BF4B-00C04F79EFBC}") = "API", "API\API.csproj", "{B0F7022E-8100-4D1A-A26B-62AC33A37878}"
EndProject
Project("{FAE04EC0-301F-11D3-BF4B-00C04F79EFBC}") = "Core", "Core\Core.csproj", "{CE3D42CD-C946-4999-B0DA-9360E9966EC3}"
EndProject
Project("{FAE04EC0-301F-11D3-BF4B-00C04F79EFBC}") = "Infrastructure", "Infrastructure\Infrastructure.csproj", "{1BA13B60-E980-436B-B2D8-D97EDA5EC40E}"
EndProject
Global
	GlobalSection(SolutionConfigurationPlatforms) = preSolution
		Debug|Any CPU = Debug|Any CPU
		Release|Any CPU = Release|Any CPU
	EndGlobalSection
	GlobalSection(ProjectConfigurationPlatforms) = postSolution
		{B0F7022E-8100-4D1A-A26B-62AC33A37878}.Debug|Any CPU.ActiveCfg = Debug|Any CPU
		{B0F7022E-8100-4D1A-A26B-62AC33A37878}.Debug|Any CPU.Build.0 = Debug|Any CPU
		{B0F7022E-8100-4D1A-A26B-62AC33A37878}.Release|Any CPU.ActiveCfg = Release|Any CPU
		{B0F7022E-8100-4D1A-A26B-62AC33A37878}.Release|Any CPU.Build.0 = Release|Any CPU
		{CE3D42CD-C946-4999-B0DA-9360E9966EC3}.Debug|Any CPU.ActiveCfg = Debug|Any CPU
		{CE3D42CD-C946-4999-B0DA-9360E9966EC3}.Debug|Any CPU.Build.0 = Debug|Any CPU
		{CE3D42CD-C946-4999-B0DA-9360E9966EC3}.Release|Any CPU.ActiveCfg = Release|Any CPU
		{CE3D42CD-C946-4999-B0DA-9360E9966EC3}.Release|Any CPU.Build.0 = Release|Any CPU
		{1BA13B60-E980-436B-B2D8-D97EDA5EC40E}.Debug|Any CPU.ActiveCfg = Debug|Any CPU
		{1BA13B60-E980-436B-B2D8-D97EDA5EC40E}.Debug|Any CPU.Build.0 = Debug|Any CPU
		{1BA13B60-E980-436B-B2D8-D97EDA5EC40E}.Release|Any CPU.ActiveCfg = Release|Any CPU
		{1BA13B60-E980-436B-B2D8-D97EDA5EC40E}.Release|Any CPU.Build.0 = Release|Any CPU
	EndGlobalSection
	GlobalSection(SolutionProperties) = preSolution
		HideSolutionNode = FALSE
	EndGlobalSection
	GlobalSection(ExtensibilityGlobals) = postSolution
		SolutionGuid = {DED8AD0D-5B1E-4FE8-A847-BABA0531D6F7}
	EndGlobalSection
EndGlobal
